
Microsoft Visual Studio Solution File, Format Version 12.00
# Visual Studio Version 17
VisualStudioVersion = 17.5.002.0
MinimumVisualStudioVersion = 10.0.40219.1
Project("{9A19103F-16F7-4668-BE54-9A1E7A4F7556}") = "CSharp", "CSharp\CSharp.csproj", "{B4FF0CC1-BBDC-4F5C-9174-3C01760B58A5}"
EndProject
Project("{9A19103F-16F7-4668-BE54-9A1E7A4F7556}") = "DotNET", "DotNET\DotNET.csproj", "{2333F505-1A8E-4BEA-B463-F111CA83A1A7}"
EndProject
Global
	GlobalSection(SolutionConfigurationPlatforms) = preSolution
		Debug|Any CPU = Debug|Any CPU
		Release|Any CPU = Release|Any CPU
	EndGlobalSection
	GlobalSection(ProjectConfigurationPlatforms) = postSolution
		{B4FF0CC1-BBDC-4F5C-9174-3C01760B58A5}.Debug|Any CPU.ActiveCfg = Debug|Any CPU
		{B4FF0CC1-BBDC-4F5C-9174-3C01760B58A5}.Debug|Any CPU.Build.0 = Debug|Any CPU
		{B4FF0CC1-BBDC-4F5C-9174-3C01760B58A5}.Release|Any CPU.ActiveCfg = Release|Any CPU
		{B4FF0CC1-BBDC-4F5C-9174-3C01760B58A5}.Release|Any CPU.Build.0 = Release|Any CPU
		{2333F505-1A8E-4BEA-B463-F111CA83A1A7}.Debug|Any CPU.ActiveCfg = Debug|Any CPU
		{2333F505-1A8E-4BEA-B463-F111CA83A1A7}.Debug|Any CPU.Build.0 = Debug|Any CPU
		{2333F505-1A8E-4BEA-B463-F111CA83A1A7}.Release|Any CPU.ActiveCfg = Release|Any CPU
		{2333F505-1A8E-4BEA-B463-F111CA83A1A7}.Release|Any CPU.Build.0 = Release|Any CPU
	EndGlobalSection
	GlobalSection(SolutionProperties) = preSolution
		HideSolutionNode = FALSE
	EndGlobalSection
	GlobalSection(ExtensibilityGlobals) = postSolution
		SolutionGuid = {066E323A-7AD0-4FFF-8687-96DFAF2965C5}
	EndGlobalSection
EndGlobal
